
Microsoft Visual Studio Solution File, Format Version 12.00
# Visual Studio Version 17
VisualStudioVersion = 17.5.33516.290
MinimumVisualStudioVersion = 10.0.40219.1
Project("{FAE04EC0-301F-11D3-BF4B-00C04F79EFBC}") = "I_03", "I_03.csproj", "{348EED8C-419B-44F1-AF6F-D197D413BA93}"
EndProject
Global
	GlobalSection(SolutionConfigurationPlatforms) = preSolution
		Debug|Any CPU = Debug|Any CPU
		Release|Any CPU = Release|Any CPU
	EndGlobalSection
	GlobalSection(ProjectConfigurationPlatforms) = postSolution
		{348EED8C-419B-44F1-AF6F-D197D413BA93}.Debug|Any CPU.ActiveCfg = Debug|Any CPU
		{348EED8C-419B-44F1-AF6F-D197D413BA93}.Debug|Any CPU.Build.0 = Debug|Any CPU
		{348EED8C-419B-44F1-AF6F-D197D413BA93}.Release|Any CPU.ActiveCfg = Release|Any CPU
		{348EED8C-419B-44F1-AF6F-D197D413BA93}.Release|Any CPU.Build.0 = Release|Any CPU
	EndGlobalSection
	GlobalSection(SolutionProperties) = preSolution
		HideSolutionNode = FALSE
	EndGlobalSection
	GlobalSection(ExtensibilityGlobals) = postSolution
		SolutionGuid = {A8B761EB-43AB-497D-B0FC-26D793C9F8FE}
	EndGlobalSection
EndGlobal
